// !$*UTF8*$!
{
	archiveVersion = 1;
	classes = {
	};
	objectVersion = 50;
	objects = {

/* Begin PBXBuildFile section */
		3B05734024C5ED7700A297E1 /* coronasurveysSimulator.cpp in Sources */ = {isa = PBXBuildFile; fileRef = 3B05733F24C5ED7700A297E1 /* coronasurveysSimulator.cpp */; };
		3B05734E24C739EF00A297E1 /* socialGraphSurveySampler.cpp in Sources */ = {isa = PBXBuildFile; fileRef = 3B05734C24C739EF00A297E1 /* socialGraphSurveySampler.cpp */; };
		3B05735124C74DC000A297E1 /* abstractGraphBasedSurveySampler.cpp in Sources */ = {isa = PBXBuildFile; fileRef = 3B05734F24C74DC000A297E1 /* abstractGraphBasedSurveySampler.cpp */; };
		3B05735324C9F44000A297E1 /* testGraphSampler.cpp in Sources */ = {isa = PBXBuildFile; fileRef = 3B05735224C9F44000A297E1 /* testGraphSampler.cpp */; };
/* End PBXBuildFile section */

/* Begin PBXCopyFilesBuildPhase section */
		3B05733A24C5ED7700A297E1 /* CopyFiles */ = {
			isa = PBXCopyFilesBuildPhase;
			buildActionMask = 2147483647;
			dstPath = /usr/share/man/man1/;
			dstSubfolderSpec = 0;
			files = (
			);
			runOnlyForDeploymentPostprocessing = 1;
		};
/* End PBXCopyFilesBuildPhase section */

/* Begin PBXFileReference section */
		3B05733C24C5ED7700A297E1 /* coronasurveysSimulatorApp */ = {isa = PBXFileReference; explicitFileType = "compiled.mach-o.executable"; includeInIndex = 0; path = coronasurveysSimulatorApp; sourceTree = BUILT_PRODUCTS_DIR; };
		3B05733F24C5ED7700A297E1 /* coronasurveysSimulator.cpp */ = {isa = PBXFileReference; lastKnownFileType = sourcecode.cpp.cpp; path = coronasurveysSimulator.cpp; sourceTree = "<group>"; };
		3B05734C24C739EF00A297E1 /* socialGraphSurveySampler.cpp */ = {isa = PBXFileReference; lastKnownFileType = sourcecode.cpp.cpp; path = socialGraphSurveySampler.cpp; sourceTree = "<group>"; };
		3B05734D24C739EF00A297E1 /* socialGraphSurveySampler.hpp */ = {isa = PBXFileReference; lastKnownFileType = sourcecode.cpp.h; path = socialGraphSurveySampler.hpp; sourceTree = "<group>"; };
		3B05734F24C74DC000A297E1 /* abstractGraphBasedSurveySampler.cpp */ = {isa = PBXFileReference; lastKnownFileType = sourcecode.cpp.cpp; path = abstractGraphBasedSurveySampler.cpp; sourceTree = "<group>"; };
		3B05735024C74DC000A297E1 /* abstractGraphBasedSurveySampler.hpp */ = {isa = PBXFileReference; lastKnownFileType = sourcecode.cpp.h; path = abstractGraphBasedSurveySampler.hpp; sourceTree = "<group>"; };
		3B05735224C9F44000A297E1 /* testGraphSampler.cpp */ = {isa = PBXFileReference; lastKnownFileType = sourcecode.cpp.cpp; path = testGraphSampler.cpp; sourceTree = "<group>"; };
/* End PBXFileReference section */

/* Begin PBXFrameworksBuildPhase section */
		3B05733924C5ED7700A297E1 /* Frameworks */ = {
			isa = PBXFrameworksBuildPhase;
			buildActionMask = 2147483647;
			files = (
			);
			runOnlyForDeploymentPostprocessing = 0;
		};
/* End PBXFrameworksBuildPhase section */

/* Begin PBXGroup section */
		3B05732924C5ED3D00A297E1 = {
			isa = PBXGroup;
			children = (
				3B05733E24C5ED7700A297E1 /* coronasurveysSimulatorApp */,
				3B05733D24C5ED7700A297E1 /* Products */,
			);
			sourceTree = "<group>";
		};
		3B05733D24C5ED7700A297E1 /* Products */ = {
			isa = PBXGroup;
			children = (
				3B05733C24C5ED7700A297E1 /* coronasurveysSimulatorApp */,
			);
			name = Products;
			sourceTree = "<group>";
		};
		3B05733E24C5ED7700A297E1 /* coronasurveysSimulatorApp */ = {
			isa = PBXGroup;
			children = (
				3B05734C24C739EF00A297E1 /* socialGraphSurveySampler.cpp */,
				3B05734D24C739EF00A297E1 /* socialGraphSurveySampler.hpp */,
				3B05733F24C5ED7700A297E1 /* coronasurveysSimulator.cpp */,
				3B05734F24C74DC000A297E1 /* abstractGraphBasedSurveySampler.cpp */,
				3B05735024C74DC000A297E1 /* abstractGraphBasedSurveySampler.hpp */,
				3B05735224C9F44000A297E1 /* testGraphSampler.cpp */,
			);
			path = coronasurveysSimulatorApp;
			sourceTree = "<group>";
		};
/* End PBXGroup section */

/* Begin PBXLegacyTarget section */
		3B05732E24C5ED3D00A297E1 /* coronasurveysSimulator */ = {
			isa = PBXLegacyTarget;
			buildArgumentsString = "$(ACTION)";
			buildConfigurationList = 3B05733124C5ED3D00A297E1 /* Build configuration list for PBXLegacyTarget "coronasurveysSimulator" */;
			buildPhases = (
			);
			buildToolPath = /usr/bin/make;
			dependencies = (
			);
			name = coronasurveysSimulator;
			passBuildSettingsInEnvironment = 1;
			productName = coronasurveysSimulator;
		};
/* End PBXLegacyTarget section */

/* Begin PBXNativeTarget section */
		3B05733B24C5ED7700A297E1 /* coronasurveysSimulatorApp */ = {
			isa = PBXNativeTarget;
			buildConfigurationList = 3B05734124C5ED7700A297E1 /* Build configuration list for PBXNativeTarget "coronasurveysSimulatorApp" */;
			buildPhases = (
				3B05733824C5ED7700A297E1 /* Sources */,
				3B05733924C5ED7700A297E1 /* Frameworks */,
				3B05733A24C5ED7700A297E1 /* CopyFiles */,
			);
			buildRules = (
			);
			dependencies = (
			);
			name = coronasurveysSimulatorApp;
			productName = coronasurveysSimulatorApp;
			productReference = 3B05733C24C5ED7700A297E1 /* coronasurveysSimulatorApp */;
			productType = "com.apple.product-type.tool";
		};
/* End PBXNativeTarget section */

/* Begin PBXProject section */
		3B05732A24C5ED3D00A297E1 /* Project object */ = {
			isa = PBXProject;
			attributes = {
				LastUpgradeCheck = 1160;
				ORGANIZATIONNAME = "Davide Frey";
				TargetAttributes = {
					3B05732E24C5ED3D00A297E1 = {
						CreatedOnToolsVersion = 11.6;
					};
					3B05733B24C5ED7700A297E1 = {
						CreatedOnToolsVersion = 11.6;
					};
				};
			};
			buildConfigurationList = 3B05732D24C5ED3D00A297E1 /* Build configuration list for PBXProject "coronasurveysSimulator" */;
			compatibilityVersion = "Xcode 9.3";
			developmentRegion = en;
			hasScannedForEncodings = 0;
			knownRegions = (
				en,
				Base,
			);
			mainGroup = 3B05732924C5ED3D00A297E1;
			productRefGroup = 3B05733D24C5ED7700A297E1 /* Products */;
			projectDirPath = "";
			projectRoot = "";
			targets = (
				3B05732E24C5ED3D00A297E1 /* coronasurveysSimulator */,
				3B05733B24C5ED7700A297E1 /* coronasurveysSimulatorApp */,
			);
		};
/* End PBXProject section */

/* Begin PBXSourcesBuildPhase section */
		3B05733824C5ED7700A297E1 /* Sources */ = {
			isa = PBXSourcesBuildPhase;
			buildActionMask = 2147483647;
			files = (
				3B05734024C5ED7700A297E1 /* coronasurveysSimulator.cpp in Sources */,
				3B05735124C74DC000A297E1 /* abstractGraphBasedSurveySampler.cpp in Sources */,
				3B05734E24C739EF00A297E1 /* socialGraphSurveySampler.cpp in Sources */,
				3B05735324C9F44000A297E1 /* testGraphSampler.cpp in Sources */,
			);
			runOnlyForDeploymentPostprocessing = 0;
		};
/* End PBXSourcesBuildPhase section */

/* Begin XCBuildConfiguration section */
		3B05732F24C5ED3D00A297E1 /* Debug */ = {
			isa = XCBuildConfiguration;
			buildSettings = {
				ALWAYS_SEARCH_USER_PATHS = NO;
				CLANG_ANALYZER_NONNULL = YES;
				CLANG_ANALYZER_NUMBER_OBJECT_CONVERSION = YES_AGGRESSIVE;
				CLANG_CXX_LANGUAGE_STANDARD = "gnu++14";
				CLANG_CXX_LIBRARY = "libc++";
				CLANG_ENABLE_MODULES = YES;
				CLANG_ENABLE_OBJC_ARC = YES;
				CLANG_ENABLE_OBJC_WEAK = YES;
				CLANG_WARN_BLOCK_CAPTURE_AUTORELEASING = YES;
				CLANG_WARN_BOOL_CONVERSION = YES;
				CLANG_WARN_COMMA = YES;
				CLANG_WARN_CONSTANT_CONVERSION = YES;
				CLANG_WARN_DEPRECATED_OBJC_IMPLEMENTATIONS = YES;
				CLANG_WARN_DIRECT_OBJC_ISA_USAGE = YES_ERROR;
				CLANG_WARN_DOCUMENTATION_COMMENTS = YES;
				CLANG_WARN_EMPTY_BODY = YES;
				CLANG_WARN_ENUM_CONVERSION = YES;
				CLANG_WARN_INFINITE_RECURSION = YES;
				CLANG_WARN_INT_CONVERSION = YES;
				CLANG_WARN_NON_LITERAL_NULL_CONVERSION = YES;
				CLANG_WARN_OBJC_IMPLICIT_RETAIN_SELF = YES;
				CLANG_WARN_OBJC_LITERAL_CONVERSION = YES;
				CLANG_WARN_OBJC_ROOT_CLASS = YES_ERROR;
				CLANG_WARN_RANGE_LOOP_ANALYSIS = YES;
				CLANG_WARN_STRICT_PROTOTYPES = YES;
				CLANG_WARN_SUSPICIOUS_MOVE = YES;
				CLANG_WARN_UNGUARDED_AVAILABILITY = YES_AGGRESSIVE;
				CLANG_WARN_UNREACHABLE_CODE = YES;
				CLANG_WARN__DUPLICATE_METHOD_MATCH = YES;
				COPY_PHASE_STRIP = NO;
				DEBUG_INFORMATION_FORMAT = dwarf;
				ENABLE_STRICT_OBJC_MSGSEND = YES;
				ENABLE_TESTABILITY = YES;
				GCC_C_LANGUAGE_STANDARD = gnu11;
				GCC_DYNAMIC_NO_PIC = NO;
				GCC_NO_COMMON_BLOCKS = YES;
				GCC_OPTIMIZATION_LEVEL = 0;
				GCC_PREPROCESSOR_DEFINITIONS = (
					"DEBUG=1",
					"$(inherited)",
				);
				GCC_WARN_64_TO_32_BIT_CONVERSION = YES;
				GCC_WARN_ABOUT_RETURN_TYPE = YES_ERROR;
				GCC_WARN_UNDECLARED_SELECTOR = YES;
				GCC_WARN_UNINITIALIZED_AUTOS = YES_AGGRESSIVE;
				GCC_WARN_UNUSED_FUNCTION = YES;
				GCC_WARN_UNUSED_VARIABLE = YES;
				MTL_ENABLE_DEBUG_INFO = INCLUDE_SOURCE;
				MTL_FAST_MATH = YES;
				ONLY_ACTIVE_ARCH = YES;
			};
			name = Debug;
		};
		3B05733024C5ED3D00A297E1 /* Release */ = {
			isa = XCBuildConfiguration;
			buildSettings = {
				ALWAYS_SEARCH_USER_PATHS = NO;
				CLANG_ANALYZER_NONNULL = YES;
				CLANG_ANALYZER_NUMBER_OBJECT_CONVERSION = YES_AGGRESSIVE;
				CLANG_CXX_LANGUAGE_STANDARD = "gnu++14";
				CLANG_CXX_LIBRARY = "libc++";
				CLANG_ENABLE_MODULES = YES;
				CLANG_ENABLE_OBJC_ARC = YES;
				CLANG_ENABLE_OBJC_WEAK = YES;
				CLANG_WARN_BLOCK_CAPTURE_AUTORELEASING = YES;
				CLANG_WARN_BOOL_CONVERSION = YES;
				CLANG_WARN_COMMA = YES;
				CLANG_WARN_CONSTANT_CONVERSION = YES;
				CLANG_WARN_DEPRECATED_OBJC_IMPLEMENTATIONS = YES;
				CLANG_WARN_DIRECT_OBJC_ISA_USAGE = YES_ERROR;
				CLANG_WARN_DOCUMENTATION_COMMENTS = YES;
				CLANG_WARN_EMPTY_BODY = YES;
				CLANG_WARN_ENUM_CONVERSION = YES;
				CLANG_WARN_INFINITE_RECURSION = YES;
				CLANG_WARN_INT_CONVERSION = YES;
				CLANG_WARN_NON_LITERAL_NULL_CONVERSION = YES;
				CLANG_WARN_OBJC_IMPLICIT_RETAIN_SELF = YES;
				CLANG_WARN_OBJC_LITERAL_CONVERSION = YES;
				CLANG_WARN_OBJC_ROOT_CLASS = YES_ERROR;
				CLANG_WARN_RANGE_LOOP_ANALYSIS = YES;
				CLANG_WARN_STRICT_PROTOTYPES = YES;
				CLANG_WARN_SUSPICIOUS_MOVE = YES;
				CLANG_WARN_UNGUARDED_AVAILABILITY = YES_AGGRESSIVE;
				CLANG_WARN_UNREACHABLE_CODE = YES;
				CLANG_WARN__DUPLICATE_METHOD_MATCH = YES;
				COPY_PHASE_STRIP = NO;
				DEBUG_INFORMATION_FORMAT = "dwarf-with-dsym";
				ENABLE_NS_ASSERTIONS = NO;
				ENABLE_STRICT_OBJC_MSGSEND = YES;
				GCC_C_LANGUAGE_STANDARD = gnu11;
				GCC_NO_COMMON_BLOCKS = YES;
				GCC_WARN_64_TO_32_BIT_CONVERSION = YES;
				GCC_WARN_ABOUT_RETURN_TYPE = YES_ERROR;
				GCC_WARN_UNDECLARED_SELECTOR = YES;
				GCC_WARN_UNINITIALIZED_AUTOS = YES_AGGRESSIVE;
				GCC_WARN_UNUSED_FUNCTION = YES;
				GCC_WARN_UNUSED_VARIABLE = YES;
				MTL_ENABLE_DEBUG_INFO = NO;
				MTL_FAST_MATH = YES;
			};
			name = Release;
		};
		3B05733224C5ED3D00A297E1 /* Debug */ = {
			isa = XCBuildConfiguration;
			buildSettings = {
				CODE_SIGN_STYLE = Automatic;
				DEBUGGING_SYMBOLS = YES;
				DEBUG_INFORMATION_FORMAT = dwarf;
				GCC_GENERATE_DEBUGGING_SYMBOLS = YES;
				GCC_OPTIMIZATION_LEVEL = 0;
				OTHER_CFLAGS = "";
				OTHER_LDFLAGS = "";
				PRODUCT_NAME = "$(TARGET_NAME)";
			};
			name = Debug;
		};
		3B05733324C5ED3D00A297E1 /* Release */ = {
			isa = XCBuildConfiguration;
			buildSettings = {
				CODE_SIGN_STYLE = Automatic;
				DEBUG_INFORMATION_FORMAT = "dwarf-with-dsym";
				OTHER_CFLAGS = "";
				OTHER_LDFLAGS = "";
				PRODUCT_NAME = "$(TARGET_NAME)";
			};
			name = Release;
		};
		3B05734224C5ED7700A297E1 /* Debug */ = {
			isa = XCBuildConfiguration;
			buildSettings = {
				ALWAYS_SEARCH_USER_PATHS = YES;
				CODE_SIGN_STYLE = Automatic;
				HEADER_SEARCH_PATHS = "/Users/frey/work/COVID19/coronasurveys/graphs/snap-git/snap/**";
				LIBRARY_SEARCH_PATHS = "/Users/frey/work/COVID19/coronasurveys/graphs/snap-git/snap/**";
				MACOSX_DEPLOYMENT_TARGET = 10.15;
				OTHER_LDFLAGS = "-lSnap.o";
				PRODUCT_NAME = "$(TARGET_NAME)";
				SDKROOT = macosx;
			};
			name = Debug;
		};
		3B05734324C5ED7700A297E1 /* Release */ = {
			isa = XCBuildConfiguration;
			buildSettings = {
				ALWAYS_SEARCH_USER_PATHS = YES;
				CODE_SIGN_STYLE = Automatic;
				"FRAMEWORK_SEARCH_PATHS[arch=*]" = "";
				HEADER_SEARCH_PATHS = "/Users/frey/work/COVID19/coronasurveys/graphs/snap-git/snap/**";
				LIBRARY_SEARCH_PATHS = "/Users/frey/work/COVID19/coronasurveys/graphs/snap-git/snap/**";
				MACOSX_DEPLOYMENT_TARGET = 10.15;
				OTHER_LDFLAGS = "-lSnap.o";
				PRODUCT_NAME = "$(TARGET_NAME)";
				SDKROOT = macosx;
			};
			name = Release;
		};
/* End XCBuildConfiguration section */

/* Begin XCConfigurationList section */
		3B05732D24C5ED3D00A297E1 /* Build configuration list for PBXProject "coronasurveysSimulator" */ = {
			isa = XCConfigurationList;
			buildConfigurations = (
				3B05732F24C5ED3D00A297E1 /* Debug */,
				3B05733024C5ED3D00A297E1 /* Release */,
			);
			defaultConfigurationIsVisible = 0;
			defaultConfigurationName = Release;
		};
		3B05733124C5ED3D00A297E1 /* Build configuration list for PBXLegacyTarget "coronasurveysSimulator" */ = {
			isa = XCConfigurationList;
			buildConfigurations = (
				3B05733224C5ED3D00A297E1 /* Debug */,
				3B05733324C5ED3D00A297E1 /* Release */,
			);
			defaultConfigurationIsVisible = 0;
			defaultConfigurationName = Release;
		};
		3B05734124C5ED7700A297E1 /* Build configuration list for PBXNativeTarget "coronasurveysSimulatorApp" */ = {
			isa = XCConfigurationList;
			buildConfigurations = (
				3B05734224C5ED7700A297E1 /* Debug */,
				3B05734324C5ED7700A297E1 /* Release */,
			);
			defaultConfigurationIsVisible = 0;
			defaultConfigurationName = Release;
		};
/* End XCConfigurationList section */
	};
	rootObject = 3B05732A24C5ED3D00A297E1 /* Project object */;
}
